
Microsoft Visual Studio Solution File, Format Version 12.00
# Visual Studio Version 16
VisualStudioVersion = 16.0.30621.155
MinimumVisualStudioVersion = 10.0.40219.1
Project("{FAE04EC0-301F-11D3-BF4B-00C04F79EFBC}") = "library-backend", "library-backend\library-backend.csproj", "{C983487D-EE55-4ABC-B239-6C1BD98E72B9}"
EndProject
Global
	GlobalSection(SolutionConfigurationPlatforms) = preSolution
		Debug|Any CPU = Debug|Any CPU
		Release|Any CPU = Release|Any CPU
	EndGlobalSection
	GlobalSection(ProjectConfigurationPlatforms) = postSolution
		{C983487D-EE55-4ABC-B239-6C1BD98E72B9}.Debug|Any CPU.ActiveCfg = Debug|Any CPU
		{C983487D-EE55-4ABC-B239-6C1BD98E72B9}.Debug|Any CPU.Build.0 = Debug|Any CPU
		{C983487D-EE55-4ABC-B239-6C1BD98E72B9}.Release|Any CPU.ActiveCfg = Release|Any CPU
		{C983487D-EE55-4ABC-B239-6C1BD98E72B9}.Release|Any CPU.Build.0 = Release|Any CPU
	EndGlobalSection
	GlobalSection(SolutionProperties) = preSolution
		HideSolutionNode = FALSE
	EndGlobalSection
	GlobalSection(ExtensibilityGlobals) = postSolution
		SolutionGuid = {89043B3A-58E0-4020-80F4-AAE4A32CA994}
	EndGlobalSection
EndGlobal
